
Microsoft Visual Studio Solution File, Format Version 12.00
# Visual Studio Version 17
VisualStudioVersion = 17.8.34330.188
MinimumVisualStudioVersion = 10.0.40219.1
Project("{9092AA53-FB77-4645-B42D-1CCCA6BD08BD}") = "1", "1\1.njsproj", "{005302B0-7FE7-45B7-9DAF-9498B4AED3EB}"
EndProject
Project("{9092AA53-FB77-4645-B42D-1CCCA6BD08BD}") = "2", "2\2.njsproj", "{BD0AF556-B331-4909-B7D8-AF38C1003820}"
EndProject
Global
	GlobalSection(SolutionConfigurationPlatforms) = preSolution
		Debug|Any CPU = Debug|Any CPU
		Release|Any CPU = Release|Any CPU
	EndGlobalSection
	GlobalSection(ProjectConfigurationPlatforms) = postSolution
		{005302B0-7FE7-45B7-9DAF-9498B4AED3EB}.Debug|Any CPU.ActiveCfg = Debug|Any CPU
		{005302B0-7FE7-45B7-9DAF-9498B4AED3EB}.Debug|Any CPU.Build.0 = Debug|Any CPU
		{005302B0-7FE7-45B7-9DAF-9498B4AED3EB}.Release|Any CPU.ActiveCfg = Release|Any CPU
		{005302B0-7FE7-45B7-9DAF-9498B4AED3EB}.Release|Any CPU.Build.0 = Release|Any CPU
		{BD0AF556-B331-4909-B7D8-AF38C1003820}.Debug|Any CPU.ActiveCfg = Debug|Any CPU
		{BD0AF556-B331-4909-B7D8-AF38C1003820}.Debug|Any CPU.Build.0 = Debug|Any CPU
		{BD0AF556-B331-4909-B7D8-AF38C1003820}.Release|Any CPU.ActiveCfg = Release|Any CPU
		{BD0AF556-B331-4909-B7D8-AF38C1003820}.Release|Any CPU.Build.0 = Release|Any CPU
	EndGlobalSection
	GlobalSection(SolutionProperties) = preSolution
		HideSolutionNode = FALSE
	EndGlobalSection
	GlobalSection(ExtensibilityGlobals) = postSolution
		SolutionGuid = {76C14676-8EE9-4B95-9226-851BC1A0F23D}
	EndGlobalSection
EndGlobal
